
Microsoft Visual Studio Solution File, Format Version 12.00
# Visual Studio Version 17
VisualStudioVersion = 17.1.32421.90
MinimumVisualStudioVersion = 10.0.40219.1
Project("{9A19103F-16F7-4668-BE54-9A1E7A4F7556}") = "Katas.Pump", "Katas.Pump\Katas.Pump.csproj", "{453344BE-AD89-40A4-8B15-923E150D3D70}"
EndProject
Project("{FAE04EC0-301F-11D3-BF4B-00C04F79EFBC}") = "Katas.Pump.Test", "Katas.Pump.Test\Katas.Pump.Test.csproj", "{F6EAC2F2-2D1F-4E35-953B-1D49144251BF}"
EndProject
Global
	GlobalSection(SolutionConfigurationPlatforms) = preSolution
		Debug|Any CPU = Debug|Any CPU
		Release|Any CPU = Release|Any CPU
	EndGlobalSection
	GlobalSection(ProjectConfigurationPlatforms) = postSolution
		{453344BE-AD89-40A4-8B15-923E150D3D70}.Debug|Any CPU.ActiveCfg = Debug|Any CPU
		{453344BE-AD89-40A4-8B15-923E150D3D70}.Debug|Any CPU.Build.0 = Debug|Any CPU
		{453344BE-AD89-40A4-8B15-923E150D3D70}.Release|Any CPU.ActiveCfg = Release|Any CPU
		{453344BE-AD89-40A4-8B15-923E150D3D70}.Release|Any CPU.Build.0 = Release|Any CPU
		{F6EAC2F2-2D1F-4E35-953B-1D49144251BF}.Debug|Any CPU.ActiveCfg = Debug|Any CPU
		{F6EAC2F2-2D1F-4E35-953B-1D49144251BF}.Debug|Any CPU.Build.0 = Debug|Any CPU
		{F6EAC2F2-2D1F-4E35-953B-1D49144251BF}.Release|Any CPU.ActiveCfg = Release|Any CPU
		{F6EAC2F2-2D1F-4E35-953B-1D49144251BF}.Release|Any CPU.Build.0 = Release|Any CPU
	EndGlobalSection
	GlobalSection(SolutionProperties) = preSolution
		HideSolutionNode = FALSE
	EndGlobalSection
	GlobalSection(ExtensibilityGlobals) = postSolution
		SolutionGuid = {AA95D813-D963-457B-A22E-6146427CA7D3}
	EndGlobalSection
EndGlobal
